
Microsoft Visual Studio Solution File, Format Version 12.00
# Visual Studio 2012
Project("{FAE04EC0-301F-11D3-BF4B-00C04F79EFBC}") = "DinerMax3000Console", "DinerMax3000Console\DinerMax3000Console.csproj", "{C704433E-BAF0-4D63-87B1-1C4E90922DAB}"
EndProject
Project("{FAE04EC0-301F-11D3-BF4B-00C04F79EFBC}") = "DinerMax3000BusinessLayer", "DinerMax3000BusinessLayer\DinerMax3000BusinessLayer.csproj", "{252096C5-B8AE-416B-82D0-272DA0C0632C}"
EndProject
Project("{FAE04EC0-301F-11D3-BF4B-00C04F79EFBC}") = "DinerMax3000WPFClient", "DinerMAx3000WPFClient\DinerMax3000WPFClient.csproj", "{54D7DECE-47FA-426F-A0DB-E6544FBC39F4}"
EndProject
Global
	GlobalSection(SolutionConfigurationPlatforms) = preSolution
		Debug|Any CPU = Debug|Any CPU
		Release|Any CPU = Release|Any CPU
	EndGlobalSection
	GlobalSection(ProjectConfigurationPlatforms) = postSolution
		{C704433E-BAF0-4D63-87B1-1C4E90922DAB}.Debug|Any CPU.ActiveCfg = Debug|Any CPU
		{C704433E-BAF0-4D63-87B1-1C4E90922DAB}.Debug|Any CPU.Build.0 = Debug|Any CPU
		{C704433E-BAF0-4D63-87B1-1C4E90922DAB}.Release|Any CPU.ActiveCfg = Release|Any CPU
		{C704433E-BAF0-4D63-87B1-1C4E90922DAB}.Release|Any CPU.Build.0 = Release|Any CPU
		{252096C5-B8AE-416B-82D0-272DA0C0632C}.Debug|Any CPU.ActiveCfg = Debug|Any CPU
		{252096C5-B8AE-416B-82D0-272DA0C0632C}.Debug|Any CPU.Build.0 = Debug|Any CPU
		{252096C5-B8AE-416B-82D0-272DA0C0632C}.Release|Any CPU.ActiveCfg = Release|Any CPU
		{252096C5-B8AE-416B-82D0-272DA0C0632C}.Release|Any CPU.Build.0 = Release|Any CPU
		{54D7DECE-47FA-426F-A0DB-E6544FBC39F4}.Debug|Any CPU.ActiveCfg = Debug|Any CPU
		{54D7DECE-47FA-426F-A0DB-E6544FBC39F4}.Debug|Any CPU.Build.0 = Debug|Any CPU
		{54D7DECE-47FA-426F-A0DB-E6544FBC39F4}.Release|Any CPU.ActiveCfg = Release|Any CPU
		{54D7DECE-47FA-426F-A0DB-E6544FBC39F4}.Release|Any CPU.Build.0 = Release|Any CPU
	EndGlobalSection
	GlobalSection(SolutionProperties) = preSolution
		HideSolutionNode = FALSE
	EndGlobalSection
EndGlobal
